
Microsoft Visual Studio Solution File, Format Version 12.00
# Visual Studio 15
VisualStudioVersion = 15.0.28307.902
MinimumVisualStudioVersion = 10.0.40219.1
Project("{FAE04EC0-301F-11D3-BF4B-00C04F79EFBC}") = "VM", "VM\VM.csproj", "{01524870-BF0C-4F30-8239-EBB2C2ED54A4}"
EndProject
Project("{FAE04EC0-301F-11D3-BF4B-00C04F79EFBC}") = "DB", "DB\DB.csproj", "{32F256C7-FFB9-4AB9-9A3A-0EA7576F7B86}"
EndProject
Global
	GlobalSection(SolutionConfigurationPlatforms) = preSolution
		Debug|Any CPU = Debug|Any CPU
		Release|Any CPU = Release|Any CPU
	EndGlobalSection
	GlobalSection(ProjectConfigurationPlatforms) = postSolution
		{01524870-BF0C-4F30-8239-EBB2C2ED54A4}.Debug|Any CPU.ActiveCfg = Debug|Any CPU
		{01524870-BF0C-4F30-8239-EBB2C2ED54A4}.Debug|Any CPU.Build.0 = Debug|Any CPU
		{01524870-BF0C-4F30-8239-EBB2C2ED54A4}.Release|Any CPU.ActiveCfg = Release|Any CPU
		{01524870-BF0C-4F30-8239-EBB2C2ED54A4}.Release|Any CPU.Build.0 = Release|Any CPU
		{32F256C7-FFB9-4AB9-9A3A-0EA7576F7B86}.Debug|Any CPU.ActiveCfg = Debug|Any CPU
		{32F256C7-FFB9-4AB9-9A3A-0EA7576F7B86}.Debug|Any CPU.Build.0 = Debug|Any CPU
		{32F256C7-FFB9-4AB9-9A3A-0EA7576F7B86}.Release|Any CPU.ActiveCfg = Release|Any CPU
		{32F256C7-FFB9-4AB9-9A3A-0EA7576F7B86}.Release|Any CPU.Build.0 = Release|Any CPU
	EndGlobalSection
	GlobalSection(SolutionProperties) = preSolution
		HideSolutionNode = FALSE
	EndGlobalSection
	GlobalSection(ExtensibilityGlobals) = postSolution
		SolutionGuid = {D453FCBC-814E-4411-8C80-7DB91553C5E7}
	EndGlobalSection
EndGlobal
